
Microsoft Visual Studio Solution File, Format Version 12.00
# Visual Studio Version 17
VisualStudioVersion = 17.1.32414.318
MinimumVisualStudioVersion = 10.0.40219.1
Project("{2150E333-8FDC-42A3-9474-1A3956D46DE8}") = "Solution Items", "Solution Items", "{0E6F4E89-D386-4397-A55E-5355317AFFAC}"
	ProjectSection(SolutionItems) = preProject
		.editorconfig = .editorconfig
	EndProjectSection
EndProject
Project("{9A19103F-16F7-4668-BE54-9A1E7A4F7556}") = "Xylia.Core", "Src\Xylia.Core.csproj", "{D9E5FB6A-B18A-494E-AB81-86ED788441BE}"
EndProject
Global
	GlobalSection(SolutionConfigurationPlatforms) = preSolution
		Debug|Any CPU = Debug|Any CPU
		Release|Any CPU = Release|Any CPU
	EndGlobalSection
	GlobalSection(ProjectConfigurationPlatforms) = postSolution
		{D9E5FB6A-B18A-494E-AB81-86ED788441BE}.Debug|Any CPU.ActiveCfg = Debug|Any CPU
		{D9E5FB6A-B18A-494E-AB81-86ED788441BE}.Debug|Any CPU.Build.0 = Debug|Any CPU
		{D9E5FB6A-B18A-494E-AB81-86ED788441BE}.Release|Any CPU.ActiveCfg = Release|Any CPU
		{D9E5FB6A-B18A-494E-AB81-86ED788441BE}.Release|Any CPU.Build.0 = Release|Any CPU
	EndGlobalSection
	GlobalSection(SolutionProperties) = preSolution
		HideSolutionNode = FALSE
	EndGlobalSection
	GlobalSection(ExtensibilityGlobals) = postSolution
		SolutionGuid = {6EF6DABD-3298-4811-932A-122B69D464B2}
	EndGlobalSection
EndGlobal
